{
  "requires": true,
  "lockfileVersion": 1,
  "dependencies": {
    "react-native-admob-native-ads": {
      "version": "0.3.9",
      "resolved": "https://registry.npmjs.org/react-native-admob-native-ads/-/react-native-admob-native-ads-0.3.9.tgz",
      "integrity": "sha512-BMk+OVb4+qr/8DGk56quQz7bqq4MMLnixwHH5yM4GXhLwTMeVUp31IyMh8VeniHiCXe0Pvyc04dsCY6iLOzVtQ=="
    },
    "react-native-background-actions": {
      "version": "2.5.2",
      "resolved": "https://registry.npmjs.org/react-native-background-actions/-/react-native-background-actions-2.5.2.tgz",
      "integrity": "sha512-LP6OfjIabtNXtPw0AUL0rrqFoZAx+YDOEa7eY8AsRIQrBUYuQRNZhc7cvqtE+VXge4F1dFdeSLrt17/lVky5fA=="
    }
  }
}
